{
    "_readme": [
        "This file locks the dependencies of your project to a known state",
        "Read more about it at https://getcomposer.org/doc/01-basic-usage.md#composer-lock-the-lock-file",
        "This file is @generated automatically"
    ],
    "content-hash": "a676528c632eaadff751e37e87636127",
    "packages": [
        {
            "name": "phpmv/ubiquity",
            "version": "dev-master",
            "source": {
                "type": "git",
                "url": "https://github.com/phpMv/ubiquity.git",
                "reference": "dcc497e56a1124f9ff9641037da62854d8007e91"
            },
            "dist": {
                "type": "zip",
                "url": "https://api.github.com/repos/phpMv/ubiquity/zipball/dcc497e56a1124f9ff9641037da62854d8007e91",
                "reference": "dcc497e56a1124f9ff9641037da62854d8007e91",
                "shasum": ""
            },
            "require": {
                "php": ">7.0"
            },
            "require-dev": {
                "phpmv/ubiquity-codeception": "^1.0",
                "phpmv/ubiquity-devtools": "dev-master"
            },
            "type": "framework",
            "extra": {
                "branch-alias": {
                    "dev-master": "2.2.x-dev"
                }
            },
            "autoload": {
                "psr-4": {
                    "Ubiquity\\": "src/Ubiquity/"
                }
            },
            "notification-url": "https://packagist.org/downloads/",
            "license": [
                "Apache-2.0"
            ],
            "authors": [
                {
                    "name": "Jean-Christophe HERON",
                    "email": "myaddressmail@gmail.com",
                    "role": "Lead developer"
                }
            ],
            "description": "Ubiquity-framework",
            "keywords": [
                "framework",
                "mvc",
                "orm",
                "php"
            ],
            "time": "2019-06-04T23:23:45+00:00"
        },
        {
            "name": "swoole/ide-helper",
            "version": "4.3.4",
            "source": {
                "type": "git",
                "url": "https://github.com/swoole/ide-helper.git",
                "reference": "7035aeb5c6d42c22b44aef1304aac62d6733b5e5"
            },
            "dist": {
                "type": "zip",
                "url": "https://api.github.com/repos/swoole/ide-helper/zipball/7035aeb5c6d42c22b44aef1304aac62d6733b5e5",
                "reference": "7035aeb5c6d42c22b44aef1304aac62d6733b5e5",
                "shasum": ""
            },
            "require-dev": {
                "squizlabs/php_codesniffer": "~3.4.0",
                "zendframework/zend-code": "~3.3.0"
            },
            "type": "library",
            "autoload": {
                "psr-4": {
                    "Swoole\\IDEHelper\\": "src/"
                }
            },
            "notification-url": "https://packagist.org/downloads/",
            "license": [
                "Apache-2.0"
            ],
            "authors": [
                {
                    "name": "Team Swoole",
                    "email": "team@swoole.com"
                }
            ],
            "description": "IDE help files for Swoole.",
            "time": "2019-05-22T19:49:35+00:00"
        },
        {
            "name": "upscale/swoole-session",
            "version": "1.0.1",
            "source": {
                "type": "git",
                "url": "https://github.com/upscalesoftware/swoole-session.git",
                "reference": "314c252fec69a5913c98f9fa623df4d561f012c6"
            },
            "dist": {
                "type": "zip",
                "url": "https://api.github.com/repos/upscalesoftware/swoole-session/zipball/314c252fec69a5913c98f9fa623df4d561f012c6",
                "reference": "314c252fec69a5913c98f9fa623df4d561f012c6",
                "shasum": ""
            },
            "require": {
                "ext-swoole": "^4.0.0",
                "php": "^7.1.0"
            },
            "type": "library",
            "autoload": {
                "psr-4": {
                    "Upscale\\Swoole\\Session\\": "src/"
                }
            },
            "notification-url": "https://packagist.org/downloads/",
            "license": [
                "Apache-2.0"
            ],
            "authors": [
                {
                    "name": "Upscale Software Team",
                    "email": "info@upscalesoftware.com"
                }
            ],
            "description": "PHP sessions compatibility with Swoole web-server",
            "homepage": "https://github.com/upscalesoftware/swoole-session",
            "keywords": [
                "compatibility",
                "php",
                "server",
                "session",
                "swoole"
            ],
            "time": "2018-09-30T04:45:29+00:00"
        }
    ],
    "packages-dev": [],
    "aliases": [],
    "minimum-stability": "stable",
    "stability-flags": {
        "phpmv/ubiquity": 20
    },
    "prefer-stable": false,
    "prefer-lowest": false,
    "platform": {
        "php": ">7.0"
    },
    "platform-dev": []
}
